
Microsoft Visual Studio Solution File, Format Version 12.00
# Visual Studio 2015
Project("{FAE04EC0-301F-11D3-BF4B-00C04F79EFBC}") = "Tanks class Project.Plugins", "Tanks class Project.Plugins.csproj", "{752AB76F-E681-2983-1D40-5A994CAFE9D0}"
EndProject
Project("{FAE04EC0-301F-11D3-BF4B-00C04F79EFBC}") = "Tanks class Project", "Tanks class Project.csproj", "{BAE87026-C720-9638-A805-4906EEEF097B}"
EndProject
Project("{FAE04EC0-301F-11D3-BF4B-00C04F79EFBC}") = "Tanks class Project.Editor.Plugins", "Tanks class Project.Editor.Plugins.csproj", "{920F2F52-1488-B887-220D-4DC1E82B68DD}"
EndProject
Project("{FAE04EC0-301F-11D3-BF4B-00C04F79EFBC}") = "Tanks class Project.Editor", "Tanks class Project.Editor.csproj", "{207B8D47-A906-3D98-7AB7-96FF4313B47B}"
EndProject
Global
	GlobalSection(SolutionConfigurationPlatforms) = preSolution
		Debug|Any CPU = Debug|Any CPU
		Release|Any CPU = Release|Any CPU
	EndGlobalSection
	GlobalSection(ProjectConfigurationPlatforms) = postSolution
		{752AB76F-E681-2983-1D40-5A994CAFE9D0}.Debug|Any CPU.ActiveCfg = Debug|Any CPU
		{752AB76F-E681-2983-1D40-5A994CAFE9D0}.Debug|Any CPU.Build.0 = Debug|Any CPU
		{752AB76F-E681-2983-1D40-5A994CAFE9D0}.Release|Any CPU.ActiveCfg = Release|Any CPU
		{752AB76F-E681-2983-1D40-5A994CAFE9D0}.Release|Any CPU.Build.0 = Release|Any CPU
		{BAE87026-C720-9638-A805-4906EEEF097B}.Debug|Any CPU.ActiveCfg = Debug|Any CPU
		{BAE87026-C720-9638-A805-4906EEEF097B}.Debug|Any CPU.Build.0 = Debug|Any CPU
		{BAE87026-C720-9638-A805-4906EEEF097B}.Release|Any CPU.ActiveCfg = Release|Any CPU
		{BAE87026-C720-9638-A805-4906EEEF097B}.Release|Any CPU.Build.0 = Release|Any CPU
		{920F2F52-1488-B887-220D-4DC1E82B68DD}.Debug|Any CPU.ActiveCfg = Debug|Any CPU
		{920F2F52-1488-B887-220D-4DC1E82B68DD}.Debug|Any CPU.Build.0 = Debug|Any CPU
		{920F2F52-1488-B887-220D-4DC1E82B68DD}.Release|Any CPU.ActiveCfg = Release|Any CPU
		{920F2F52-1488-B887-220D-4DC1E82B68DD}.Release|Any CPU.Build.0 = Release|Any CPU
		{207B8D47-A906-3D98-7AB7-96FF4313B47B}.Debug|Any CPU.ActiveCfg = Debug|Any CPU
		{207B8D47-A906-3D98-7AB7-96FF4313B47B}.Debug|Any CPU.Build.0 = Debug|Any CPU
		{207B8D47-A906-3D98-7AB7-96FF4313B47B}.Release|Any CPU.ActiveCfg = Release|Any CPU
		{207B8D47-A906-3D98-7AB7-96FF4313B47B}.Release|Any CPU.Build.0 = Release|Any CPU
	EndGlobalSection
	GlobalSection(SolutionProperties) = preSolution
		HideSolutionNode = FALSE
	EndGlobalSection
EndGlobal
